
Microsoft Visual Studio Solution File, Format Version 12.00
# Visual Studio 2012
Project("{FAE04EC0-301F-11D3-BF4B-00C04F79EFBC}") = "BetterValidation", "BetterValidationNew\BetterValidation.csproj", "{50234F67-1E76-430D-9D1D-D012B21490D7}"
EndProject
Global
	GlobalSection(SolutionConfigurationPlatforms) = preSolution
		Debug|Any CPU = Debug|Any CPU
		Release|Any CPU = Release|Any CPU
	EndGlobalSection
	GlobalSection(ProjectConfigurationPlatforms) = postSolution
		{50234F67-1E76-430D-9D1D-D012B21490D7}.Debug|Any CPU.ActiveCfg = Debug|Any CPU
		{50234F67-1E76-430D-9D1D-D012B21490D7}.Debug|Any CPU.Build.0 = Debug|Any CPU
		{50234F67-1E76-430D-9D1D-D012B21490D7}.Release|Any CPU.ActiveCfg = Release|Any CPU
		{50234F67-1E76-430D-9D1D-D012B21490D7}.Release|Any CPU.Build.0 = Release|Any CPU
	EndGlobalSection
	GlobalSection(SolutionProperties) = preSolution
		HideSolutionNode = FALSE
	EndGlobalSection
EndGlobal
